
Microsoft Visual Studio Solution File, Format Version 12.00
# Visual Studio 15
VisualStudioVersion = 15.0.27428.2015
MinimumVisualStudioVersion = 10.0.40219.1
Project("{FAE04EC0-301F-11D3-BF4B-00C04F79EFBC}") = "IntroSort", "IntroSort\IntroSort.csproj", "{6B60D073-B3A6-47DF-80C7-DD06DC8E9B8F}"
EndProject
Global
	GlobalSection(SolutionConfigurationPlatforms) = preSolution
		Debug|Any CPU = Debug|Any CPU
		Release|Any CPU = Release|Any CPU
	EndGlobalSection
	GlobalSection(ProjectConfigurationPlatforms) = postSolution
		{6B60D073-B3A6-47DF-80C7-DD06DC8E9B8F}.Debug|Any CPU.ActiveCfg = Debug|Any CPU
		{6B60D073-B3A6-47DF-80C7-DD06DC8E9B8F}.Debug|Any CPU.Build.0 = Debug|Any CPU
		{6B60D073-B3A6-47DF-80C7-DD06DC8E9B8F}.Release|Any CPU.ActiveCfg = Release|Any CPU
		{6B60D073-B3A6-47DF-80C7-DD06DC8E9B8F}.Release|Any CPU.Build.0 = Release|Any CPU
	EndGlobalSection
	GlobalSection(SolutionProperties) = preSolution
		HideSolutionNode = FALSE
	EndGlobalSection
	GlobalSection(ExtensibilityGlobals) = postSolution
		SolutionGuid = {9E60E4BB-5B31-4C05-9785-87CE8640BE27}
	EndGlobalSection
EndGlobal
